
Microsoft Visual Studio Solution File, Format Version 12.00
# Visual Studio 2015
Project("{FAE04EC0-301F-11D3-BF4B-00C04F79EFBC}") = "MatchVSDemoBasic.Plugins", "MatchVSDemoBasic.Plugins.csproj", "{56B4B1DC-E16A-10AE-C4D9-36D415D7A446}"
EndProject
Project("{FAE04EC0-301F-11D3-BF4B-00C04F79EFBC}") = "MatchVSDemoBasic", "MatchVSDemoBasic.csproj", "{0AF18072-B69F-546C-F843-DF3C805D8457}"
EndProject
Project("{FAE04EC0-301F-11D3-BF4B-00C04F79EFBC}") = "MatchVSDemoBasic.Editor", "MatchVSDemoBasic.Editor.csproj", "{53BEE0C7-BDB9-3805-F563-A8407EE38498}"
EndProject
Global
	GlobalSection(SolutionConfigurationPlatforms) = preSolution
		Debug|Any CPU = Debug|Any CPU
		Release|Any CPU = Release|Any CPU
	EndGlobalSection
	GlobalSection(ProjectConfigurationPlatforms) = postSolution
		{56B4B1DC-E16A-10AE-C4D9-36D415D7A446}.Debug|Any CPU.ActiveCfg = Debug|Any CPU
		{56B4B1DC-E16A-10AE-C4D9-36D415D7A446}.Debug|Any CPU.Build.0 = Debug|Any CPU
		{56B4B1DC-E16A-10AE-C4D9-36D415D7A446}.Release|Any CPU.ActiveCfg = Release|Any CPU
		{56B4B1DC-E16A-10AE-C4D9-36D415D7A446}.Release|Any CPU.Build.0 = Release|Any CPU
		{0AF18072-B69F-546C-F843-DF3C805D8457}.Debug|Any CPU.ActiveCfg = Debug|Any CPU
		{0AF18072-B69F-546C-F843-DF3C805D8457}.Debug|Any CPU.Build.0 = Debug|Any CPU
		{0AF18072-B69F-546C-F843-DF3C805D8457}.Release|Any CPU.ActiveCfg = Release|Any CPU
		{0AF18072-B69F-546C-F843-DF3C805D8457}.Release|Any CPU.Build.0 = Release|Any CPU
		{53BEE0C7-BDB9-3805-F563-A8407EE38498}.Debug|Any CPU.ActiveCfg = Debug|Any CPU
		{53BEE0C7-BDB9-3805-F563-A8407EE38498}.Debug|Any CPU.Build.0 = Debug|Any CPU
		{53BEE0C7-BDB9-3805-F563-A8407EE38498}.Release|Any CPU.ActiveCfg = Release|Any CPU
		{53BEE0C7-BDB9-3805-F563-A8407EE38498}.Release|Any CPU.Build.0 = Release|Any CPU
	EndGlobalSection
	GlobalSection(SolutionProperties) = preSolution
		HideSolutionNode = FALSE
	EndGlobalSection
EndGlobal
